
Microsoft Visual Studio Solution File, Format Version 12.00
# Visual Studio 15
VisualStudioVersion = 15.0.27428.1
MinimumVisualStudioVersion = 10.0.40219.1
Project("{FAE04EC0-301F-11D3-BF4B-00C04F79EFBC}") = "SmartHomeManager", "SmartHomeManager\SmartHomeManager.csproj", "{756F472F-C9C9-40E5-8CFA-7855877DDAAC}"
EndProject
Project("{FAE04EC0-301F-11D3-BF4B-00C04F79EFBC}") = "Server", "Server\Server.csproj", "{44872322-94BC-4678-A01F-773D681B01E4}"
EndProject
Project("{FAE04EC0-301F-11D3-BF4B-00C04F79EFBC}") = "SmartHomeManager.UnitTests", "SmartHomeManager.UnitTests\SmartHomeManager.UnitTests.csproj", "{1946F27D-DB92-4690-A05E-ACC18C8B2A05}"
EndProject
Global
	GlobalSection(SolutionConfigurationPlatforms) = preSolution
		Debug|Any CPU = Debug|Any CPU
		Release|Any CPU = Release|Any CPU
	EndGlobalSection
	GlobalSection(ProjectConfigurationPlatforms) = postSolution
		{756F472F-C9C9-40E5-8CFA-7855877DDAAC}.Debug|Any CPU.ActiveCfg = Debug|Any CPU
		{756F472F-C9C9-40E5-8CFA-7855877DDAAC}.Debug|Any CPU.Build.0 = Debug|Any CPU
		{756F472F-C9C9-40E5-8CFA-7855877DDAAC}.Release|Any CPU.ActiveCfg = Release|Any CPU
		{756F472F-C9C9-40E5-8CFA-7855877DDAAC}.Release|Any CPU.Build.0 = Release|Any CPU
		{44872322-94BC-4678-A01F-773D681B01E4}.Debug|Any CPU.ActiveCfg = Debug|Any CPU
		{44872322-94BC-4678-A01F-773D681B01E4}.Debug|Any CPU.Build.0 = Debug|Any CPU
		{44872322-94BC-4678-A01F-773D681B01E4}.Release|Any CPU.ActiveCfg = Release|Any CPU
		{44872322-94BC-4678-A01F-773D681B01E4}.Release|Any CPU.Build.0 = Release|Any CPU
		{1946F27D-DB92-4690-A05E-ACC18C8B2A05}.Debug|Any CPU.ActiveCfg = Debug|Any CPU
		{1946F27D-DB92-4690-A05E-ACC18C8B2A05}.Debug|Any CPU.Build.0 = Debug|Any CPU
		{1946F27D-DB92-4690-A05E-ACC18C8B2A05}.Release|Any CPU.ActiveCfg = Release|Any CPU
		{1946F27D-DB92-4690-A05E-ACC18C8B2A05}.Release|Any CPU.Build.0 = Release|Any CPU
	EndGlobalSection
	GlobalSection(SolutionProperties) = preSolution
		HideSolutionNode = FALSE
	EndGlobalSection
	GlobalSection(ExtensibilityGlobals) = postSolution
		SolutionGuid = {54ACB5C1-6CD8-4585-9B21-6875CF26F8C4}
	EndGlobalSection
EndGlobal
